
Microsoft Visual Studio Solution File, Format Version 12.00
# Visual Studio Version 17
VisualStudioVersion = 17.5.002.0
MinimumVisualStudioVersion = 10.0.40219.1
Project("{9A19103F-16F7-4668-BE54-9A1E7A4F7556}") = "EX02", "EX02.csproj", "{FF910153-59FB-47A4-97E6-D7500BBEE8A3}"
EndProject
Global
	GlobalSection(SolutionConfigurationPlatforms) = preSolution
		Debug|Any CPU = Debug|Any CPU
		Release|Any CPU = Release|Any CPU
	EndGlobalSection
	GlobalSection(ProjectConfigurationPlatforms) = postSolution
		{FF910153-59FB-47A4-97E6-D7500BBEE8A3}.Debug|Any CPU.ActiveCfg = Debug|Any CPU
		{FF910153-59FB-47A4-97E6-D7500BBEE8A3}.Debug|Any CPU.Build.0 = Debug|Any CPU
		{FF910153-59FB-47A4-97E6-D7500BBEE8A3}.Release|Any CPU.ActiveCfg = Release|Any CPU
		{FF910153-59FB-47A4-97E6-D7500BBEE8A3}.Release|Any CPU.Build.0 = Release|Any CPU
	EndGlobalSection
	GlobalSection(SolutionProperties) = preSolution
		HideSolutionNode = FALSE
	EndGlobalSection
	GlobalSection(ExtensibilityGlobals) = postSolution
		SolutionGuid = {6B4A7712-4C43-4165-8B59-8709A3DC6C4E}
	EndGlobalSection
EndGlobal
