
Microsoft Visual Studio Solution File, Format Version 12.00
# Visual Studio Version 17
VisualStudioVersion = 17.5.002.0
MinimumVisualStudioVersion = 10.0.40219.1
Project("{9A19103F-16F7-4668-BE54-9A1E7A4F7556}") = "EX10-LINQ-LAMBDA", "EX10-LINQ-LAMBDA.csproj", "{98955177-8B32-4E98-9EC5-3AF5931662E8}"
EndProject
Global
	GlobalSection(SolutionConfigurationPlatforms) = preSolution
		Debug|Any CPU = Debug|Any CPU
		Release|Any CPU = Release|Any CPU
	EndGlobalSection
	GlobalSection(ProjectConfigurationPlatforms) = postSolution
		{98955177-8B32-4E98-9EC5-3AF5931662E8}.Debug|Any CPU.ActiveCfg = Debug|Any CPU
		{98955177-8B32-4E98-9EC5-3AF5931662E8}.Debug|Any CPU.Build.0 = Debug|Any CPU
		{98955177-8B32-4E98-9EC5-3AF5931662E8}.Release|Any CPU.ActiveCfg = Release|Any CPU
		{98955177-8B32-4E98-9EC5-3AF5931662E8}.Release|Any CPU.Build.0 = Release|Any CPU
	EndGlobalSection
	GlobalSection(SolutionProperties) = preSolution
		HideSolutionNode = FALSE
	EndGlobalSection
	GlobalSection(ExtensibilityGlobals) = postSolution
		SolutionGuid = {26FF3B19-7828-4B1C-B6D5-4300310FA7C2}
	EndGlobalSection
EndGlobal
