
Microsoft Visual Studio Solution File, Format Version 12.00
# Visual Studio Version 17
VisualStudioVersion = 17.5.002.0
MinimumVisualStudioVersion = 10.0.40219.1
Project("{9A19103F-16F7-4668-BE54-9A1E7A4F7556}") = "EX03", "EX03.csproj", "{42E90D96-2DA4-460D-BE60-F3A14AC4CD67}"
EndProject
Global
	GlobalSection(SolutionConfigurationPlatforms) = preSolution
		Debug|Any CPU = Debug|Any CPU
		Release|Any CPU = Release|Any CPU
	EndGlobalSection
	GlobalSection(ProjectConfigurationPlatforms) = postSolution
		{42E90D96-2DA4-460D-BE60-F3A14AC4CD67}.Debug|Any CPU.ActiveCfg = Debug|Any CPU
		{42E90D96-2DA4-460D-BE60-F3A14AC4CD67}.Debug|Any CPU.Build.0 = Debug|Any CPU
		{42E90D96-2DA4-460D-BE60-F3A14AC4CD67}.Release|Any CPU.ActiveCfg = Release|Any CPU
		{42E90D96-2DA4-460D-BE60-F3A14AC4CD67}.Release|Any CPU.Build.0 = Release|Any CPU
	EndGlobalSection
	GlobalSection(SolutionProperties) = preSolution
		HideSolutionNode = FALSE
	EndGlobalSection
	GlobalSection(ExtensibilityGlobals) = postSolution
		SolutionGuid = {7C80F712-863F-4C6C-AA48-77A2BAF67D8D}
	EndGlobalSection
EndGlobal
